
Microsoft Visual Studio Solution File, Format Version 12.00
# Visual Studio Version 16
VisualStudioVersion = 16.0.29728.190
MinimumVisualStudioVersion = 10.0.40219.1
Project("{9A19103F-16F7-4668-BE54-9A1E7A4F7556}") = "BethanyPieShop", "BethanyPieShop\BethanyPieShop.csproj", "{63B289CA-1A82-4B89-B531-90902E36F3B7}"
EndProject
Project("{FAE04EC0-301F-11D3-BF4B-00C04F79EFBC}") = "Core", "Core\Core.csproj", "{B4946551-E3D3-4AF1-AAC3-22CA543C5DB9}"
EndProject
Project("{FAE04EC0-301F-11D3-BF4B-00C04F79EFBC}") = "Business", "Business\Business.csproj", "{A19C8E32-A2EE-437A-9A79-DFBCCC3D8BB4}"
EndProject
Global
	GlobalSection(SolutionConfigurationPlatforms) = preSolution
		Debug|Any CPU = Debug|Any CPU
		Release|Any CPU = Release|Any CPU
	EndGlobalSection
	GlobalSection(ProjectConfigurationPlatforms) = postSolution
		{63B289CA-1A82-4B89-B531-90902E36F3B7}.Debug|Any CPU.ActiveCfg = Debug|Any CPU
		{63B289CA-1A82-4B89-B531-90902E36F3B7}.Debug|Any CPU.Build.0 = Debug|Any CPU
		{63B289CA-1A82-4B89-B531-90902E36F3B7}.Release|Any CPU.ActiveCfg = Release|Any CPU
		{63B289CA-1A82-4B89-B531-90902E36F3B7}.Release|Any CPU.Build.0 = Release|Any CPU
		{B4946551-E3D3-4AF1-AAC3-22CA543C5DB9}.Debug|Any CPU.ActiveCfg = Debug|Any CPU
		{B4946551-E3D3-4AF1-AAC3-22CA543C5DB9}.Debug|Any CPU.Build.0 = Debug|Any CPU
		{B4946551-E3D3-4AF1-AAC3-22CA543C5DB9}.Release|Any CPU.ActiveCfg = Release|Any CPU
		{B4946551-E3D3-4AF1-AAC3-22CA543C5DB9}.Release|Any CPU.Build.0 = Release|Any CPU
		{A19C8E32-A2EE-437A-9A79-DFBCCC3D8BB4}.Debug|Any CPU.ActiveCfg = Debug|Any CPU
		{A19C8E32-A2EE-437A-9A79-DFBCCC3D8BB4}.Debug|Any CPU.Build.0 = Debug|Any CPU
		{A19C8E32-A2EE-437A-9A79-DFBCCC3D8BB4}.Release|Any CPU.ActiveCfg = Release|Any CPU
		{A19C8E32-A2EE-437A-9A79-DFBCCC3D8BB4}.Release|Any CPU.Build.0 = Release|Any CPU
	EndGlobalSection
	GlobalSection(SolutionProperties) = preSolution
		HideSolutionNode = FALSE
	EndGlobalSection
	GlobalSection(ExtensibilityGlobals) = postSolution
		SolutionGuid = {36A43276-3BA2-4F6B-B1B2-36B48E080B3B}
	EndGlobalSection
EndGlobal
